
Microsoft Visual Studio Solution File, Format Version 12.00
# Visual Studio 15
VisualStudioVersion = 15.0.28307.271
MinimumVisualStudioVersion = 10.0.40219.1
Project("{FAE04EC0-301F-11D3-BF4B-00C04F79EFBC}") = "RSSFeedsReader", "RSSFeedsReader\RSSFeedsReader.csproj", "{34E7BADA-B4BE-4D41-95FD-4CDB2D59C2AD}"
EndProject
Global
	GlobalSection(SolutionConfigurationPlatforms) = preSolution
		Debug|Any CPU = Debug|Any CPU
		Release|Any CPU = Release|Any CPU
	EndGlobalSection
	GlobalSection(ProjectConfigurationPlatforms) = postSolution
		{34E7BADA-B4BE-4D41-95FD-4CDB2D59C2AD}.Debug|Any CPU.ActiveCfg = Debug|Any CPU
		{34E7BADA-B4BE-4D41-95FD-4CDB2D59C2AD}.Debug|Any CPU.Build.0 = Debug|Any CPU
		{34E7BADA-B4BE-4D41-95FD-4CDB2D59C2AD}.Release|Any CPU.ActiveCfg = Release|Any CPU
		{34E7BADA-B4BE-4D41-95FD-4CDB2D59C2AD}.Release|Any CPU.Build.0 = Release|Any CPU
	EndGlobalSection
	GlobalSection(SolutionProperties) = preSolution
		HideSolutionNode = FALSE
	EndGlobalSection
	GlobalSection(ExtensibilityGlobals) = postSolution
		SolutionGuid = {250DBE1E-1923-47CC-AE2F-EA0473E1E857}
	EndGlobalSection
EndGlobal
